
Microsoft Visual Studio Solution File, Format Version 12.00
# Visual Studio 15
VisualStudioVersion = 15.0.28307.168
MinimumVisualStudioVersion = 10.0.40219.1
Project("{FAE04EC0-301F-11D3-BF4B-00C04F79EFBC}") = "ExercicioResolvidoClassesMetodosAbstratos", "ExercicioResolvidoClassesMetodosAbstratos\ExercicioResolvidoClassesMetodosAbstratos.csproj", "{5B17F04D-3583-4080-94DA-F8F72C23977D}"
EndProject
Global
	GlobalSection(SolutionConfigurationPlatforms) = preSolution
		Debug|Any CPU = Debug|Any CPU
		Release|Any CPU = Release|Any CPU
	EndGlobalSection
	GlobalSection(ProjectConfigurationPlatforms) = postSolution
		{5B17F04D-3583-4080-94DA-F8F72C23977D}.Debug|Any CPU.ActiveCfg = Debug|Any CPU
		{5B17F04D-3583-4080-94DA-F8F72C23977D}.Debug|Any CPU.Build.0 = Debug|Any CPU
		{5B17F04D-3583-4080-94DA-F8F72C23977D}.Release|Any CPU.ActiveCfg = Release|Any CPU
		{5B17F04D-3583-4080-94DA-F8F72C23977D}.Release|Any CPU.Build.0 = Release|Any CPU
	EndGlobalSection
	GlobalSection(SolutionProperties) = preSolution
		HideSolutionNode = FALSE
	EndGlobalSection
	GlobalSection(ExtensibilityGlobals) = postSolution
		SolutionGuid = {A9420E36-152D-48C4-A1A7-17A15A48A08A}
	EndGlobalSection
EndGlobal
